lockVersion: 2.0.0
id: c1ecfea7-8123-4462-ba2e-6d7781ee0bb7
management:
  docChecksum: 91bc040283e6b1febc5304391c2c1cc2
  docVersion: 0.1.9
  speakeasyVersion: 1.204.1
  generationVersion: 2.279.1
  releaseVersion: 0.8.0
  configChecksum: 141ad7a61ac91c07504230d21f627333
  repoURL: https://github.com/speakeasy-sdks/via-go.git
  repoSubDirectory: .
  installationURL: https://github.com/speakeasy-sdks/via-go
  published: true
features:
  go:
    core: 3.4.4
    globalServerURLs: 2.82.1
    responseFormat: 0.1.0
generatedFiles:
  - via.go
  - go.mod
  - pkg/models/sdkerrors/sdkerror.go
  - pkg/types/bigint.go
  - pkg/types/date.go
  - pkg/types/datetime.go
  - pkg/types/decimal.go
  - pkg/types/pointers.go
  - pkg/utils/contenttype.go
  - pkg/utils/form.go
  - pkg/utils/headers.go
  - pkg/utils/json.go
  - pkg/utils/pathparams.go
  - pkg/utils/queryparams.go
  - pkg/utils/requestbody.go
  - pkg/utils/retries.go
  - pkg/utils/security.go
  - pkg/utils/utils.go
  - /pkg/models/operations/getusers.go
  - docs/pkg/models/operations/getusersresponse.md
  - docs/sdks/via/README.md
  - USAGE.md
  - .gitattributes
  - internal/hooks/hooks.go
