lockVersion: 2.0.0
id: c1ecfea7-8123-4462-ba2e-6d7781ee0bb7
management:
  docChecksum: 91bc040283e6b1febc5304391c2c1cc2
  docVersion: 0.1.9
  speakeasyVersion: internal
  generationVersion: 2.272.4
  releaseVersion: 0.7.2
  configChecksum: f2edf85c42308daad019c7fc688e1068
  repoURL: https://github.com/speakeasy-sdks/via-go.git
  repoSubDirectory: .
  installationURL: https://github.com/speakeasy-sdks/via-go
  published: true
features:
  go:
    core: 3.4.3
    globalServerURLs: 2.82.1
generatedFiles:
  - via.go
  - go.mod
  - pkg/models/sdkerrors/sdkerror.go
  - pkg/types/bigint.go
  - pkg/types/date.go
  - pkg/types/datetime.go
  - pkg/types/decimal.go
  - pkg/types/pointers.go
  - pkg/utils/contenttype.go
  - pkg/utils/form.go
  - pkg/utils/headers.go
  - pkg/utils/json.go
  - pkg/utils/pathparams.go
  - pkg/utils/queryparams.go
  - pkg/utils/requestbody.go
  - pkg/utils/retries.go
  - pkg/utils/security.go
  - pkg/utils/utils.go
  - /pkg/models/operations/getusers.go
  - docs/pkg/models/operations/getusersresponse.md
  - docs/sdks/via/README.md
  - USAGE.md
  - .gitattributes
  - internal/hooks/hooks.go
